
Microsoft Visual Studio Solution File, Format Version 12.00
# Visual Studio 2013
VisualStudioVersion = 12.0.31101.0
MinimumVisualStudioVersion = 10.0.40219.1
Project("{FAE04EC0-301F-11D3-BF4B-00C04F79EFBC}") = "EmptyPlayerPlugin", "EmptyPlayerPlugin\EmptyPlayerPlugin.csproj", "{952E8C5A-75D8-4A81-BA37-3420F447BEC8}"
EndProject
Project("{FAE04EC0-301F-11D3-BF4B-00C04F79EFBC}") = "DiagnosticsPlayerPlugin", "DiagnosticsPlayerPlugin\DiagnosticsPlayerPlugin.csproj", "{7EA45BB0-F429-4ED5-8E78-182C114716AE}"
EndProject
Project("{2150E333-8FDC-42A3-9474-1A3956D46DE8}") = "Solution Items", "Solution Items", "{2E25813F-EC58-412C-A989-1B8F3C490FFC}"
	ProjectSection(SolutionItems) = preProject
		README.md = README.md
	EndProjectSection
EndProject
Global
	GlobalSection(SolutionConfigurationPlatforms) = preSolution
		Debug|Any CPU = Debug|Any CPU
		Release|Any CPU = Release|Any CPU
	EndGlobalSection
	GlobalSection(ProjectConfigurationPlatforms) = postSolution
		{952E8C5A-75D8-4A81-BA37-3420F447BEC8}.Debug|Any CPU.ActiveCfg = Debug|Any CPU
		{952E8C5A-75D8-4A81-BA37-3420F447BEC8}.Debug|Any CPU.Build.0 = Debug|Any CPU
		{952E8C5A-75D8-4A81-BA37-3420F447BEC8}.Release|Any CPU.ActiveCfg = Release|Any CPU
		{952E8C5A-75D8-4A81-BA37-3420F447BEC8}.Release|Any CPU.Build.0 = Release|Any CPU
		{7EA45BB0-F429-4ED5-8E78-182C114716AE}.Debug|Any CPU.ActiveCfg = Debug|Any CPU
		{7EA45BB0-F429-4ED5-8E78-182C114716AE}.Debug|Any CPU.Build.0 = Debug|Any CPU
		{7EA45BB0-F429-4ED5-8E78-182C114716AE}.Release|Any CPU.ActiveCfg = Release|Any CPU
		{7EA45BB0-F429-4ED5-8E78-182C114716AE}.Release|Any CPU.Build.0 = Release|Any CPU
	EndGlobalSection
	GlobalSection(SolutionProperties) = preSolution
		HideSolutionNode = FALSE
	EndGlobalSection
EndGlobal
